
Microsoft Visual Studio Solution File, Format Version 12.00
# Visual Studio Version 16
VisualStudioVersion = 16.0.30503.244
MinimumVisualStudioVersion = 10.0.40219.1
Project("{9A19103F-16F7-4668-BE54-9A1E7A4F7556}") = "rf2setups", "rf2setups.csproj", "{9D9AC96F-D86A-42BD-90DF-8B7D92E74DDA}"
EndProject
Global
	GlobalSection(SolutionConfigurationPlatforms) = preSolution
		Debug|Any CPU = Debug|Any CPU
		Release|Any CPU = Release|Any CPU
	EndGlobalSection
	GlobalSection(ProjectConfigurationPlatforms) = postSolution
		{9D9AC96F-D86A-42BD-90DF-8B7D92E74DDA}.Debug|Any CPU.ActiveCfg = Debug|Any CPU
		{9D9AC96F-D86A-42BD-90DF-8B7D92E74DDA}.Debug|Any CPU.Build.0 = Debug|Any CPU
		{9D9AC96F-D86A-42BD-90DF-8B7D92E74DDA}.Release|Any CPU.ActiveCfg = Release|Any CPU
		{9D9AC96F-D86A-42BD-90DF-8B7D92E74DDA}.Release|Any CPU.Build.0 = Release|Any CPU
	EndGlobalSection
	GlobalSection(SolutionProperties) = preSolution
		HideSolutionNode = FALSE
	EndGlobalSection
	GlobalSection(ExtensibilityGlobals) = postSolution
		SolutionGuid = {7EE6B624-473A-4860-ACDB-BA66FAB4D0A8}
	EndGlobalSection
EndGlobal
